// !$*UTF8*$!
{
	archiveVersion = 1;
	classes = {
	};
	objectVersion = 56;
	objects = {

/* Begin PBXBuildFile section */
		593018022BF17F8A004286BF /* FeedView.swift in Sources */ = {isa = PBXBuildFile; fileRef = 593018012BF17F8A004286BF /* FeedView.swift */; };
		593018042BF1859D004286BF /* FeedCell.swift in Sources */ = {isa = PBXBuildFile; fileRef = 593018032BF1859D004286BF /* FeedCell.swift */; };
		59DEB7902BB7584100C76980 /* TikTokTutorialApp.swift in Sources */ = {isa = PBXBuildFile; fileRef = 59DEB78F2BB7584100C76980 /* TikTokTutorialApp.swift */; };
		59DEB7922BB7584100C76980 /* ContentView.swift in Sources */ = {isa = PBXBuildFile; fileRef = 59DEB7912BB7584100C76980 /* ContentView.swift */; };
		59DEB7942BB7584300C76980 /* Assets.xcassets in Resources */ = {isa = PBXBuildFile; fileRef = 59DEB7932BB7584300C76980 /* Assets.xcassets */; };
		59DEB7972BB7584300C76980 /* Preview Assets.xcassets in Resources */ = {isa = PBXBuildFile; fileRef = 59DEB7962BB7584300C76980 /* Preview Assets.xcassets */; };
		59DEB7AE2BB75B7F00C76980 /* MainTabView.swift in Sources */ = {isa = PBXBuildFile; fileRef = 59DEB7AD2BB75B7F00C76980 /* MainTabView.swift */; };
/* End PBXBuildFile section */

/* Begin PBXFileReference section */
		593018012BF17F8A004286BF /* FeedView.swift */ = {isa = PBXFileReference; lastKnownFileType = sourcecode.swift; path = FeedView.swift; sourceTree = "<group>"; };
		593018032BF1859D004286BF /* FeedCell.swift */ = {isa = PBXFileReference; lastKnownFileType = sourcecode.swift; path = FeedCell.swift; sourceTree = "<group>"; };
		59DEB78C2BB7584100C76980 /* TikTokTutorial.app */ = {isa = PBXFileReference; explicitFileType = wrapper.application; includeInIndex = 0; path = TikTokTutorial.app; sourceTree = BUILT_PRODUCTS_DIR; };
		59DEB78F2BB7584100C76980 /* TikTokTutorialApp.swift */ = {isa = PBXFileReference; lastKnownFileType = sourcecode.swift; path = TikTokTutorialApp.swift; sourceTree = "<group>"; };
		59DEB7912BB7584100C76980 /* ContentView.swift */ = {isa = PBXFileReference; lastKnownFileType = sourcecode.swift; path = ContentView.swift; sourceTree = "<group>"; };
		59DEB7932BB7584300C76980 /* Assets.xcassets */ = {isa = PBXFileReference; lastKnownFileType = folder.assetcatalog; path = Assets.xcassets; sourceTree = "<group>"; };
		59DEB7962BB7584300C76980 /* Preview Assets.xcassets */ = {isa = PBXFileReference; lastKnownFileType = folder.assetcatalog; path = "Preview Assets.xcassets"; sourceTree = "<group>"; };
		59DEB7AD2BB75B7F00C76980 /* MainTabView.swift */ = {isa = PBXFileReference; lastKnownFileType = sourcecode.swift; path = MainTabView.swift; sourceTree = "<group>"; };
/* End PBXFileReference section */

/* Begin PBXFrameworksBuildPhase section */
		59DEB7892BB7584100C76980 /* Frameworks */ = {
			isa = PBXFrameworksBuildPhase;
			buildActionMask = 2147483647;
			files = (
			);
			runOnlyForDeploymentPostprocessing = 0;
		};
/* End PBXFrameworksBuildPhase section */

/* Begin PBXGroup section */
		59DEB7832BB7584100C76980 = {
			isa = PBXGroup;
			children = (
				59DEB78E2BB7584100C76980 /* TikTokTutorial */,
				59DEB78D2BB7584100C76980 /* Products */,
			);
			sourceTree = "<group>";
		};
		59DEB78D2BB7584100C76980 /* Products */ = {
			isa = PBXGroup;
			children = (
				59DEB78C2BB7584100C76980 /* TikTokTutorial.app */,
			);
			name = Products;
			sourceTree = "<group>";
		};
		59DEB78E2BB7584100C76980 /* TikTokTutorial */ = {
			isa = PBXGroup;
			children = (
				59DEB7A22BB758A600C76980 /* Utils */,
				59DEB7A12BB7589D00C76980 /* Services */,
				59DEB7A02BB7589200C76980 /* Model */,
				59DEB79F2BB7588500C76980 /* Extensions */,
				59DEB79E2BB7585500C76980 /* Core */,
				59DEB79D2BB7584A00C76980 /* App */,
				59DEB7932BB7584300C76980 /* Assets.xcassets */,
				59DEB7952BB7584300C76980 /* Preview Content */,
			);
			path = TikTokTutorial;
			sourceTree = "<group>";
		};
		59DEB7952BB7584300C76980 /* Preview Content */ = {
			isa = PBXGroup;
			children = (
				59DEB7962BB7584300C76980 /* Preview Assets.xcassets */,
			);
			path = "Preview Content";
			sourceTree = "<group>";
		};
		59DEB79D2BB7584A00C76980 /* App */ = {
			isa = PBXGroup;
			children = (
				59DEB78F2BB7584100C76980 /* TikTokTutorialApp.swift */,
			);
			path = App;
			sourceTree = "<group>";
		};
		59DEB79E2BB7585500C76980 /* Core */ = {
			isa = PBXGroup;
			children = (
				59DEB7AC2BB75B1200C76980 /* uploadMedia */,
				59DEB7AB2BB7596500C76980 /* TabBar */,
				59DEB7AA2BB7595800C76980 /* Search */,
				59DEB7A92BB7590E00C76980 /* Feed */,
				59DEB7A82BB7590500C76980 /* Notifications */,
				59DEB7A72BB758FB00C76980 /* Root */,
				59DEB7A62BB758EB00C76980 /* Profile */,
				59DEB7A52BB758E000C76980 /* Components */,
				59DEB7A42BB758D600C76980 /* Comments */,
				59DEB7A32BB758C800C76980 /* Authentication */,
			);
			path = Core;
			sourceTree = "<group>";
		};
		59DEB79F2BB7588500C76980 /* Extensions */ = {
			isa = PBXGroup;
			children = (
			);
			path = Extensions;
			sourceTree = "<group>";
		};
		59DEB7A02BB7589200C76980 /* Model */ = {
			isa = PBXGroup;
			children = (
			);
			path = Model;
			sourceTree = "<group>";
		};
		59DEB7A12BB7589D00C76980 /* Services */ = {
			isa = PBXGroup;
			children = (
			);
			path = Services;
			sourceTree = "<group>";
		};
		59DEB7A22BB758A600C76980 /* Utils */ = {
			isa = PBXGroup;
			children = (
			);
			path = Utils;
			sourceTree = "<group>";
		};
		59DEB7A32BB758C800C76980 /* Authentication */ = {
			isa = PBXGroup;
			children = (
			);
			path = Authentication;
			sourceTree = "<group>";
		};
		59DEB7A42BB758D600C76980 /* Comments */ = {
			isa = PBXGroup;
			children = (
			);
			path = Comments;
			sourceTree = "<group>";
		};
		59DEB7A52BB758E000C76980 /* Components */ = {
			isa = PBXGroup;
			children = (
			);
			path = Components;
			sourceTree = "<group>";
		};
		59DEB7A62BB758EB00C76980 /* Profile */ = {
			isa = PBXGroup;
			children = (
			);
			path = Profile;
			sourceTree = "<group>";
		};
		59DEB7A72BB758FB00C76980 /* Root */ = {
			isa = PBXGroup;
			children = (
				59DEB7912BB7584100C76980 /* ContentView.swift */,
			);
			path = Root;
			sourceTree = "<group>";
		};
		59DEB7A82BB7590500C76980 /* Notifications */ = {
			isa = PBXGroup;
			children = (
			);
			path = Notifications;
			sourceTree = "<group>";
		};
		59DEB7A92BB7590E00C76980 /* Feed */ = {
			isa = PBXGroup;
			children = (
				593018012BF17F8A004286BF /* FeedView.swift */,
				593018032BF1859D004286BF /* FeedCell.swift */,
			);
			path = Feed;
			sourceTree = "<group>";
		};
		59DEB7AA2BB7595800C76980 /* Search */ = {
			isa = PBXGroup;
			children = (
			);
			path = Search;
			sourceTree = "<group>";
		};
		59DEB7AB2BB7596500C76980 /* TabBar */ = {
			isa = PBXGroup;
			children = (
				59DEB7AD2BB75B7F00C76980 /* MainTabView.swift */,
			);
			path = TabBar;
			sourceTree = "<group>";
		};
		59DEB7AC2BB75B1200C76980 /* uploadMedia */ = {
			isa = PBXGroup;
			children = (
			);
			path = uploadMedia;
			sourceTree = "<group>";
		};
/* End PBXGroup section */

/* Begin PBXNativeTarget section */
		59DEB78B2BB7584100C76980 /* TikTokTutorial */ = {
			isa = PBXNativeTarget;
			buildConfigurationList = 59DEB79A2BB7584300C76980 /* Build configuration list for PBXNativeTarget "TikTokTutorial" */;
			buildPhases = (
				59DEB7882BB7584100C76980 /* Sources */,
				59DEB7892BB7584100C76980 /* Frameworks */,
				59DEB78A2BB7584100C76980 /* Resources */,
			);
			buildRules = (
			);
			dependencies = (
			);
			name = TikTokTutorial;
			productName = TikTokTutorial;
			productReference = 59DEB78C2BB7584100C76980 /* TikTokTutorial.app */;
			productType = "com.apple.product-type.application";
		};
/* End PBXNativeTarget section */

/* Begin PBXProject section */
		59DEB7842BB7584100C76980 /* Project object */ = {
			isa = PBXProject;
			attributes = {
				BuildIndependentTargetsInParallel = 1;
				LastSwiftUpdateCheck = 1530;
				LastUpgradeCheck = 1530;
				TargetAttributes = {
					59DEB78B2BB7584100C76980 = {
						CreatedOnToolsVersion = 15.3;
					};
				};
			};
			buildConfigurationList = 59DEB7872BB7584100C76980 /* Build configuration list for PBXProject "TikTokTutorial" */;
			compatibilityVersion = "Xcode 14.0";
			developmentRegion = en;
			hasScannedForEncodings = 0;
			knownRegions = (
				en,
				Base,
			);
			mainGroup = 59DEB7832BB7584100C76980;
			productRefGroup = 59DEB78D2BB7584100C76980 /* Products */;
			projectDirPath = "";
			projectRoot = "";
			targets = (
				59DEB78B2BB7584100C76980 /* TikTokTutorial */,
			);
		};
/* End PBXProject section */

/* Begin PBXResourcesBuildPhase section */
		59DEB78A2BB7584100C76980 /* Resources */ = {
			isa = PBXResourcesBuildPhase;
			buildActionMask = 2147483647;
			files = (
				59DEB7972BB7584300C76980 /* Preview Assets.xcassets in Resources */,
				59DEB7942BB7584300C76980 /* Assets.xcassets in Resources */,
			);
			runOnlyForDeploymentPostprocessing = 0;
		};
/* End PBXResourcesBuildPhase section */

/* Begin PBXSourcesBuildPhase section */
		59DEB7882BB7584100C76980 /* Sources */ = {
			isa = PBXSourcesBuildPhase;
			buildActionMask = 2147483647;
			files = (
				593018022BF17F8A004286BF /* FeedView.swift in Sources */,
				593018042BF1859D004286BF /* FeedCell.swift in Sources */,
				59DEB7922BB7584100C76980 /* ContentView.swift in Sources */,
				59DEB7902BB7584100C76980 /* TikTokTutorialApp.swift in Sources */,
				59DEB7AE2BB75B7F00C76980 /* MainTabView.swift in Sources */,
			);
			runOnlyForDeploymentPostprocessing = 0;
		};
/* End PBXSourcesBuildPhase section */

/* Begin XCBuildConfiguration section */
		59DEB7982BB7584300C76980 /* Debug */ = {
			isa = XCBuildConfiguration;
			buildSettings = {
				ALWAYS_SEARCH_USER_PATHS = NO;
				ASSETCATALOG_COMPILER_GENERATE_SWIFT_ASSET_SYMBOL_EXTENSIONS = YES;
				CLANG_ANALYZER_NONNULL = YES;
				CLANG_ANALYZER_NUMBER_OBJECT_CONVERSION = YES_AGGRESSIVE;
				CLANG_CXX_LANGUAGE_STANDARD = "gnu++20";
				CLANG_ENABLE_MODULES = YES;
				CLANG_ENABLE_OBJC_ARC = YES;
				CLANG_ENABLE_OBJC_WEAK = YES;
				CLANG_WARN_BLOCK_CAPTURE_AUTORELEASING = YES;
				CLANG_WARN_BOOL_CONVERSION = YES;
				CLANG_WARN_COMMA = YES;
				CLANG_WARN_CONSTANT_CONVERSION = YES;
				CLANG_WARN_DEPRECATED_OBJC_IMPLEMENTATIONS = YES;
				CLANG_WARN_DIRECT_OBJC_ISA_USAGE = YES_ERROR;
				CLANG_WARN_DOCUMENTATION_COMMENTS = YES;
				CLANG_WARN_EMPTY_BODY = YES;
				CLANG_WARN_ENUM_CONVERSION = YES;
				CLANG_WARN_INFINITE_RECURSION = YES;
				CLANG_WARN_INT_CONVERSION = YES;
				CLANG_WARN_NON_LITERAL_NULL_CONVERSION = YES;
				CLANG_WARN_OBJC_IMPLICIT_RETAIN_SELF = YES;
				CLANG_WARN_OBJC_LITERAL_CONVERSION = YES;
				CLANG_WARN_OBJC_ROOT_CLASS = YES_ERROR;
				CLANG_WARN_QUOTED_INCLUDE_IN_FRAMEWORK_HEADER = YES;
				CLANG_WARN_RANGE_LOOP_ANALYSIS = YES;
				CLANG_WARN_STRICT_PROTOTYPES = YES;
				CLANG_WARN_SUSPICIOUS_MOVE = YES;
				CLANG_WARN_UNGUARDED_AVAILABILITY = YES_AGGRESSIVE;
				CLANG_WARN_UNREACHABLE_CODE = YES;
				CLANG_WARN__DUPLICATE_METHOD_MATCH = YES;
				COPY_PHASE_STRIP = NO;
				DEBUG_INFORMATION_FORMAT = dwarf;
				ENABLE_STRICT_OBJC_MSGSEND = YES;
				ENABLE_TESTABILITY = YES;
				ENABLE_USER_SCRIPT_SANDBOXING = YES;
				GCC_C_LANGUAGE_STANDARD = gnu17;
				GCC_DYNAMIC_NO_PIC = NO;
				GCC_NO_COMMON_BLOCKS = YES;
				GCC_OPTIMIZATION_LEVEL = 0;
				GCC_PREPROCESSOR_DEFINITIONS = (
					"DEBUG=1",
					"$(inherited)",
				);
				GCC_WARN_64_TO_32_BIT_CONVERSION = YES;
				GCC_WARN_ABOUT_RETURN_TYPE = YES_ERROR;
				GCC_WARN_UNDECLARED_SELECTOR = YES;
				GCC_WARN_UNINITIALIZED_AUTOS = YES_AGGRESSIVE;
				GCC_WARN_UNUSED_FUNCTION = YES;
				GCC_WARN_UNUSED_VARIABLE = YES;
				IPHONEOS_DEPLOYMENT_TARGET = 17.4;
				LOCALIZATION_PREFERS_STRING_CATALOGS = YES;
				MTL_ENABLE_DEBUG_INFO = INCLUDE_SOURCE;
				MTL_FAST_MATH = YES;
				ONLY_ACTIVE_ARCH = YES;
				SDKROOT = iphoneos;
				SWIFT_ACTIVE_COMPILATION_CONDITIONS = "DEBUG $(inherited)";
				SWIFT_OPTIMIZATION_LEVEL = "-Onone";
			};
			name = Debug;
		};
		59DEB7992BB7584300C76980 /* Release */ = {
			isa = XCBuildConfiguration;
			buildSettings = {
				ALWAYS_SEARCH_USER_PATHS = NO;
				ASSETCATALOG_COMPILER_GENERATE_SWIFT_ASSET_SYMBOL_EXTENSIONS = YES;
				CLANG_ANALYZER_NONNULL = YES;
				CLANG_ANALYZER_NUMBER_OBJECT_CONVERSION = YES_AGGRESSIVE;
				CLANG_CXX_LANGUAGE_STANDARD = "gnu++20";
				CLANG_ENABLE_MODULES = YES;
				CLANG_ENABLE_OBJC_ARC = YES;
				CLANG_ENABLE_OBJC_WEAK = YES;
				CLANG_WARN_BLOCK_CAPTURE_AUTORELEASING = YES;
				CLANG_WARN_BOOL_CONVERSION = YES;
				CLANG_WARN_COMMA = YES;
				CLANG_WARN_CONSTANT_CONVERSION = YES;
				CLANG_WARN_DEPRECATED_OBJC_IMPLEMENTATIONS = YES;
				CLANG_WARN_DIRECT_OBJC_ISA_USAGE = YES_ERROR;
				CLANG_WARN_DOCUMENTATION_COMMENTS = YES;
				CLANG_WARN_EMPTY_BODY = YES;
				CLANG_WARN_ENUM_CONVERSION = YES;
				CLANG_WARN_INFINITE_RECURSION = YES;
				CLANG_WARN_INT_CONVERSION = YES;
				CLANG_WARN_NON_LITERAL_NULL_CONVERSION = YES;
				CLANG_WARN_OBJC_IMPLICIT_RETAIN_SELF = YES;
				CLANG_WARN_OBJC_LITERAL_CONVERSION = YES;
				CLANG_WARN_OBJC_ROOT_CLASS = YES_ERROR;
				CLANG_WARN_QUOTED_INCLUDE_IN_FRAMEWORK_HEADER = YES;
				CLANG_WARN_RANGE_LOOP_ANALYSIS = YES;
				CLANG_WARN_STRICT_PROTOTYPES = YES;
				CLANG_WARN_SUSPICIOUS_MOVE = YES;
				CLANG_WARN_UNGUARDED_AVAILABILITY = YES_AGGRESSIVE;
				CLANG_WARN_UNREACHABLE_CODE = YES;
				CLANG_WARN__DUPLICATE_METHOD_MATCH = YES;
				COPY_PHASE_STRIP = NO;
				DEBUG_INFORMATION_FORMAT = "dwarf-with-dsym";
				ENABLE_NS_ASSERTIONS = NO;
				ENABLE_STRICT_OBJC_MSGSEND = YES;
				ENABLE_USER_SCRIPT_SANDBOXING = YES;
				GCC_C_LANGUAGE_STANDARD = gnu17;
				GCC_NO_COMMON_BLOCKS = YES;
				GCC_WARN_64_TO_32_BIT_CONVERSION = YES;
				GCC_WARN_ABOUT_RETURN_TYPE = YES_ERROR;
				GCC_WARN_UNDECLARED_SELECTOR = YES;
				GCC_WARN_UNINITIALIZED_AUTOS = YES_AGGRESSIVE;
				GCC_WARN_UNUSED_FUNCTION = YES;
				GCC_WARN_UNUSED_VARIABLE = YES;
				IPHONEOS_DEPLOYMENT_TARGET = 17.4;
				LOCALIZATION_PREFERS_STRING_CATALOGS = YES;
				MTL_ENABLE_DEBUG_INFO = NO;
				MTL_FAST_MATH = YES;
				SDKROOT = iphoneos;
				SWIFT_COMPILATION_MODE = wholemodule;
				VALIDATE_PRODUCT = YES;
			};
			name = Release;
		};
		59DEB79B2BB7584300C76980 /* Debug */ = {
			isa = XCBuildConfiguration;
			buildSettings = {
				ASSETCATALOG_COMPILER_APPICON_NAME = AppIcon;
				ASSETCATALOG_COMPILER_GLOBAL_ACCENT_COLOR_NAME = AccentColor;
				CODE_SIGN_STYLE = Automatic;
				CURRENT_PROJECT_VERSION = 1;
				DEVELOPMENT_ASSET_PATHS = "\"TikTokTutorial/Preview Content\"";
				DEVELOPMENT_TEAM = V654JCM75F;
				ENABLE_PREVIEWS = YES;
				GENERATE_INFOPLIST_FILE = YES;
				INFOPLIST_KEY_UIApplicationSceneManifest_Generation = YES;
				INFOPLIST_KEY_UIApplicationSupportsIndirectInputEvents = YES;
				INFOPLIST_KEY_UILaunchScreen_Generation = YES;
				INFOPLIST_KEY_UISupportedInterfaceOrientations_iPad = "UIInterfaceOrientationPortrait UIInterfaceOrientationPortraitUpsideDown UIInterfaceOrientationLandscapeLeft UIInterfaceOrientationLandscapeRight";
				INFOPLIST_KEY_UISupportedInterfaceOrientations_iPhone = "UIInterfaceOrientationPortrait UIInterfaceOrientationLandscapeLeft UIInterfaceOrientationLandscapeRight";
				LD_RUNPATH_SEARCH_PATHS = (
					"$(inherited)",
					"@executable_path/Frameworks",
				);
				MARKETING_VERSION = 1.0;
				PRODUCT_BUNDLE_IDENTIFIER = MaleoGroup.TikTokTutorial;
				PRODUCT_NAME = "$(TARGET_NAME)";
				SWIFT_EMIT_LOC_STRINGS = YES;
				SWIFT_VERSION = 5.0;
				TARGETED_DEVICE_FAMILY = "1,2";
			};
			name = Debug;
		};
		59DEB79C2BB7584300C76980 /* Release */ = {
			isa = XCBuildConfiguration;
			buildSettings = {
				ASSETCATALOG_COMPILER_APPICON_NAME = AppIcon;
				ASSETCATALOG_COMPILER_GLOBAL_ACCENT_COLOR_NAME = AccentColor;
				CODE_SIGN_STYLE = Automatic;
				CURRENT_PROJECT_VERSION = 1;
				DEVELOPMENT_ASSET_PATHS = "\"TikTokTutorial/Preview Content\"";
				DEVELOPMENT_TEAM = V654JCM75F;
				ENABLE_PREVIEWS = YES;
				GENERATE_INFOPLIST_FILE = YES;
				INFOPLIST_KEY_UIApplicationSceneManifest_Generation = YES;
				INFOPLIST_KEY_UIApplicationSupportsIndirectInputEvents = YES;
				INFOPLIST_KEY_UILaunchScreen_Generation = YES;
				INFOPLIST_KEY_UISupportedInterfaceOrientations_iPad = "UIInterfaceOrientationPortrait UIInterfaceOrientationPortraitUpsideDown UIInterfaceOrientationLandscapeLeft UIInterfaceOrientationLandscapeRight";
				INFOPLIST_KEY_UISupportedInterfaceOrientations_iPhone = "UIInterfaceOrientationPortrait UIInterfaceOrientationLandscapeLeft UIInterfaceOrientationLandscapeRight";
				LD_RUNPATH_SEARCH_PATHS = (
					"$(inherited)",
					"@executable_path/Frameworks",
				);
				MARKETING_VERSION = 1.0;
				PRODUCT_BUNDLE_IDENTIFIER = MaleoGroup.TikTokTutorial;
				PRODUCT_NAME = "$(TARGET_NAME)";
				SWIFT_EMIT_LOC_STRINGS = YES;
				SWIFT_VERSION = 5.0;
				TARGETED_DEVICE_FAMILY = "1,2";
			};
			name = Release;
		};
/* End XCBuildConfiguration section */

/* Begin XCConfigurationList section */
		59DEB7872BB7584100C76980 /* Build configuration list for PBXProject "TikTokTutorial" */ = {
			isa = XCConfigurationList;
			buildConfigurations = (
				59DEB7982BB7584300C76980 /* Debug */,
				59DEB7992BB7584300C76980 /* Release */,
			);
			defaultConfigurationIsVisible = 0;
			defaultConfigurationName = Release;
		};
		59DEB79A2BB7584300C76980 /* Build configuration list for PBXNativeTarget "TikTokTutorial" */ = {
			isa = XCConfigurationList;
			buildConfigurations = (
				59DEB79B2BB7584300C76980 /* Debug */,
				59DEB79C2BB7584300C76980 /* Release */,
			);
			defaultConfigurationIsVisible = 0;
			defaultConfigurationName = Release;
		};
/* End XCConfigurationList section */
	};
	rootObject = 59DEB7842BB7584100C76980 /* Project object */;
}
